// !$*UTF8*$!
{
	archiveVersion = 1;
	classes = {
	};
	objectVersion = 50;
	objects = {

/* Begin PBXBuildFile section */
		493DA78A25ED4E8500F57D1E /* AppDelegate.swift in Sources */ = {isa = PBXBuildFile; fileRef = 493DA78925ED4E8500F57D1E /* AppDelegate.swift */; };
		493DA78C25ED4E8500F57D1E /* SceneDelegate.swift in Sources */ = {isa = PBXBuildFile; fileRef = 493DA78B25ED4E8500F57D1E /* SceneDelegate.swift */; };
		493DA78E25ED4E8500F57D1E /* ViewController.swift in Sources */ = {isa = PBXBuildFile; fileRef = 493DA78D25ED4E8500F57D1E /* ViewController.swift */; };
		493DA79125ED4E8600F57D1E /* Main.storyboard in Resources */ = {isa = PBXBuildFile; fileRef = 493DA78F25ED4E8600F57D1E /* Main.storyboard */; };
		493DA79325ED4E8D00F57D1E /* Assets.xcassets in Resources */ = {isa = PBXBuildFile; fileRef = 493DA79225ED4E8D00F57D1E /* Assets.xcassets */; };
		493DA79625ED4E8D00F57D1E /* LaunchScreen.storyboard in Resources */ = {isa = PBXBuildFile; fileRef = 493DA79425ED4E8D00F57D1E /* LaunchScreen.storyboard */; };
		493DA7A025ED51D500F57D1E /* DateCollectionViewCell.swift in Sources */ = {isa = PBXBuildFile; fileRef = 493DA79F25ED51D500F57D1E /* DateCollectionViewCell.swift */; };
		493DA7A325EE855800F57D1E /* CalendarVars.swift in Sources */ = {isa = PBXBuildFile; fileRef = 493DA7A225EE855700F57D1E /* CalendarVars.swift */; };
		493DA7C825F12F7B00F57D1E /* CalendarTake2.xcdatamodeld in Sources */ = {isa = PBXBuildFile; fileRef = 493DA7C625F12F7700F57D1E /* CalendarTake2.xcdatamodeld */; };
/* End PBXBuildFile section */

/* Begin PBXFileReference section */
		493DA78625ED4E8500F57D1E /* CalendarTake2.app */ = {isa = PBXFileReference; explicitFileType = wrapper.application; includeInIndex = 0; path = CalendarTake2.app; sourceTree = BUILT_PRODUCTS_DIR; };
		493DA78925ED4E8500F57D1E /* AppDelegate.swift */ = {isa = PBXFileReference; lastKnownFileType = sourcecode.swift; path = AppDelegate.swift; sourceTree = "<group>"; };
		493DA78B25ED4E8500F57D1E /* SceneDelegate.swift */ = {isa = PBXFileReference; lastKnownFileType = sourcecode.swift; path = SceneDelegate.swift; sourceTree = "<group>"; };
		493DA78D25ED4E8500F57D1E /* ViewController.swift */ = {isa = PBXFileReference; lastKnownFileType = sourcecode.swift; path = ViewController.swift; sourceTree = "<group>"; };
		493DA79025ED4E8600F57D1E /* Base */ = {isa = PBXFileReference; lastKnownFileType = file.storyboard; name = Base; path = Base.lproj/Main.storyboard; sourceTree = "<group>"; };
		493DA79225ED4E8D00F57D1E /* Assets.xcassets */ = {isa = PBXFileReference; lastKnownFileType = folder.assetcatalog; path = Assets.xcassets; sourceTree = "<group>"; };
		493DA79525ED4E8D00F57D1E /* Base */ = {isa = PBXFileReference; lastKnownFileType = file.storyboard; name = Base; path = Base.lproj/LaunchScreen.storyboard; sourceTree = "<group>"; };
		493DA79725ED4E8D00F57D1E /* Info.plist */ = {isa = PBXFileReference; lastKnownFileType = text.plist.xml; path = Info.plist; sourceTree = "<group>"; };
		493DA79F25ED51D500F57D1E /* DateCollectionViewCell.swift */ = {isa = PBXFileReference; lastKnownFileType = sourcecode.swift; path = DateCollectionViewCell.swift; sourceTree = "<group>"; };
		493DA7A225EE855700F57D1E /* CalendarVars.swift */ = {isa = PBXFileReference; lastKnownFileType = sourcecode.swift; path = CalendarVars.swift; sourceTree = "<group>"; };
		493DA7C725F12F7900F57D1E /* CalendarTake2.xcdatamodel */ = {isa = PBXFileReference; lastKnownFileType = wrapper.xcdatamodel; path = CalendarTake2.xcdatamodel; sourceTree = "<group>"; };
/* End PBXFileReference section */

/* Begin PBXFrameworksBuildPhase section */
		493DA78325ED4E8500F57D1E /* Frameworks */ = {
			isa = PBXFrameworksBuildPhase;
			buildActionMask = 2147483647;
			files = (
			);
			runOnlyForDeploymentPostprocessing = 0;
		};
/* End PBXFrameworksBuildPhase section */

/* Begin PBXGroup section */
		493DA77D25ED4E8500F57D1E = {
			isa = PBXGroup;
			children = (
				493DA78825ED4E8500F57D1E /* CalendarTake2 */,
				493DA78725ED4E8500F57D1E /* Products */,
			);
			sourceTree = "<group>";
		};
		493DA78725ED4E8500F57D1E /* Products */ = {
			isa = PBXGroup;
			children = (
				493DA78625ED4E8500F57D1E /* CalendarTake2.app */,
			);
			name = Products;
			sourceTree = "<group>";
		};
		493DA78825ED4E8500F57D1E /* CalendarTake2 */ = {
			isa = PBXGroup;
			children = (
				493DA78925ED4E8500F57D1E /* AppDelegate.swift */,
				493DA78B25ED4E8500F57D1E /* SceneDelegate.swift */,
				493DA78D25ED4E8500F57D1E /* ViewController.swift */,
				493DA7A225EE855700F57D1E /* CalendarVars.swift */,
				493DA79F25ED51D500F57D1E /* DateCollectionViewCell.swift */,
				493DA78F25ED4E8600F57D1E /* Main.storyboard */,
				493DA79225ED4E8D00F57D1E /* Assets.xcassets */,
				493DA79425ED4E8D00F57D1E /* LaunchScreen.storyboard */,
				493DA79725ED4E8D00F57D1E /* Info.plist */,
				493DA7C625F12F7700F57D1E /* CalendarTake2.xcdatamodeld */,
			);
			path = CalendarTake2;
			sourceTree = "<group>";
		};
/* End PBXGroup section */

/* Begin PBXNativeTarget section */
		493DA78525ED4E8500F57D1E /* CalendarTake2 */ = {
			isa = PBXNativeTarget;
			buildConfigurationList = 493DA79A25ED4E8E00F57D1E /* Build configuration list for PBXNativeTarget "CalendarTake2" */;
			buildPhases = (
				493DA78225ED4E8500F57D1E /* Sources */,
				493DA78325ED4E8500F57D1E /* Frameworks */,
				493DA78425ED4E8500F57D1E /* Resources */,
			);
			buildRules = (
			);
			dependencies = (
			);
			name = CalendarTake2;
			productName = CalendarTake2;
			productReference = 493DA78625ED4E8500F57D1E /* CalendarTake2.app */;
			productType = "com.apple.product-type.application";
		};
/* End PBXNativeTarget section */

/* Begin PBXProject section */
		493DA77E25ED4E8500F57D1E /* Project object */ = {
			isa = PBXProject;
			attributes = {
				LastSwiftUpdateCheck = 1240;
				LastUpgradeCheck = 1240;
				TargetAttributes = {
					493DA78525ED4E8500F57D1E = {
						CreatedOnToolsVersion = 12.4;
					};
				};
			};
			buildConfigurationList = 493DA78125ED4E8500F57D1E /* Build configuration list for PBXProject "CalendarTake2" */;
			compatibilityVersion = "Xcode 9.3";
			developmentRegion = en;
			hasScannedForEncodings = 0;
			knownRegions = (
				en,
				Base,
			);
			mainGroup = 493DA77D25ED4E8500F57D1E;
			productRefGroup = 493DA78725ED4E8500F57D1E /* Products */;
			projectDirPath = "";
			projectRoot = "";
			targets = (
				493DA78525ED4E8500F57D1E /* CalendarTake2 */,
			);
		};
/* End PBXProject section */

/* Begin PBXResourcesBuildPhase section */
		493DA78425ED4E8500F57D1E /* Resources */ = {
			isa = PBXResourcesBuildPhase;
			buildActionMask = 2147483647;
			files = (
				493DA79625ED4E8D00F57D1E /* LaunchScreen.storyboard in Resources */,
				493DA79325ED4E8D00F57D1E /* Assets.xcassets in Resources */,
				493DA79125ED4E8600F57D1E /* Main.storyboard in Resources */,
			);
			runOnlyForDeploymentPostprocessing = 0;
		};
/* End PBXResourcesBuildPhase section */

/* Begin PBXSourcesBuildPhase section */
		493DA78225ED4E8500F57D1E /* Sources */ = {
			isa = PBXSourcesBuildPhase;
			buildActionMask = 2147483647;
			files = (
				493DA7A025ED51D500F57D1E /* DateCollectionViewCell.swift in Sources */,
				493DA78E25ED4E8500F57D1E /* ViewController.swift in Sources */,
				493DA78A25ED4E8500F57D1E /* AppDelegate.swift in Sources */,
				493DA7A325EE855800F57D1E /* CalendarVars.swift in Sources */,
				493DA78C25ED4E8500F57D1E /* SceneDelegate.swift in Sources */,
				493DA7C825F12F7B00F57D1E /* CalendarTake2.xcdatamodeld in Sources */,
			);
			runOnlyForDeploymentPostprocessing = 0;
		};
/* End PBXSourcesBuildPhase section */

/* Begin PBXVariantGroup section */
		493DA78F25ED4E8600F57D1E /* Main.storyboard */ = {
			isa = PBXVariantGroup;
			children = (
				493DA79025ED4E8600F57D1E /* Base */,
			);
			name = Main.storyboard;
			sourceTree = "<group>";
		};
		493DA79425ED4E8D00F57D1E /* LaunchScreen.storyboard */ = {
			isa = PBXVariantGroup;
			children = (
				493DA79525ED4E8D00F57D1E /* Base */,
			);
			name = LaunchScreen.storyboard;
			sourceTree = "<group>";
		};
/* End PBXVariantGroup section */

/* Begin XCBuildConfiguration section */
		493DA79825ED4E8E00F57D1E /* Debug */ = {
			isa = XCBuildConfiguration;
			buildSettings = {
				ALWAYS_SEARCH_USER_PATHS = NO;
				CLANG_ANALYZER_NONNULL = YES;
				CLANG_ANALYZER_NUMBER_OBJECT_CONVERSION = YES_AGGRESSIVE;
				CLANG_CXX_LANGUAGE_STANDARD = "gnu++14";
				CLANG_CXX_LIBRARY = "libc++";
				CLANG_ENABLE_MODULES = YES;
				CLANG_ENABLE_OBJC_ARC = YES;
				CLANG_ENABLE_OBJC_WEAK = YES;
				CLANG_WARN_BLOCK_CAPTURE_AUTORELEASING = YES;
				CLANG_WARN_BOOL_CONVERSION = YES;
				CLANG_WARN_COMMA = YES;
				CLANG_WARN_CONSTANT_CONVERSION = YES;
				CLANG_WARN_DEPRECATED_OBJC_IMPLEMENTATIONS = YES;
				CLANG_WARN_DIRECT_OBJC_ISA_USAGE = YES_ERROR;
				CLANG_WARN_DOCUMENTATION_COMMENTS = YES;
				CLANG_WARN_EMPTY_BODY = YES;
				CLANG_WARN_ENUM_CONVERSION = YES;
				CLANG_WARN_INFINITE_RECURSION = YES;
				CLANG_WARN_INT_CONVERSION = YES;
				CLANG_WARN_NON_LITERAL_NULL_CONVERSION = YES;
				CLANG_WARN_OBJC_IMPLICIT_RETAIN_SELF = YES;
				CLANG_WARN_OBJC_LITERAL_CONVERSION = YES;
				CLANG_WARN_OBJC_ROOT_CLASS = YES_ERROR;
				CLANG_WARN_QUOTED_INCLUDE_IN_FRAMEWORK_HEADER = YES;
				CLANG_WARN_RANGE_LOOP_ANALYSIS = YES;
				CLANG_WARN_STRICT_PROTOTYPES = YES;
				CLANG_WARN_SUSPICIOUS_MOVE = YES;
				CLANG_WARN_UNGUARDED_AVAILABILITY = YES_AGGRESSIVE;
				CLANG_WARN_UNREACHABLE_CODE = YES;
				CLANG_WARN__DUPLICATE_METHOD_MATCH = YES;
				COPY_PHASE_STRIP = NO;
				DEBUG_INFORMATION_FORMAT = dwarf;
				ENABLE_STRICT_OBJC_MSGSEND = YES;
				ENABLE_TESTABILITY = YES;
				GCC_C_LANGUAGE_STANDARD = gnu11;
				GCC_DYNAMIC_NO_PIC = NO;
				GCC_NO_COMMON_BLOCKS = YES;
				GCC_OPTIMIZATION_LEVEL = 0;
				GCC_PREPROCESSOR_DEFINITIONS = (
					"DEBUG=1",
					"$(inherited)",
				);
				GCC_WARN_64_TO_32_BIT_CONVERSION = YES;
				GCC_WARN_ABOUT_RETURN_TYPE = YES_ERROR;
				GCC_WARN_UNDECLARED_SELECTOR = YES;
				GCC_WARN_UNINITIALIZED_AUTOS = YES_AGGRESSIVE;
				GCC_WARN_UNUSED_FUNCTION = YES;
				GCC_WARN_UNUSED_VARIABLE = YES;
				IPHONEOS_DEPLOYMENT_TARGET = 14.4;
				MTL_ENABLE_DEBUG_INFO = INCLUDE_SOURCE;
				MTL_FAST_MATH = YES;
				ONLY_ACTIVE_ARCH = YES;
				SDKROOT = iphoneos;
				SWIFT_ACTIVE_COMPILATION_CONDITIONS = DEBUG;
				SWIFT_OPTIMIZATION_LEVEL = "-Onone";
			};
			name = Debug;
		};
		493DA79925ED4E8E00F57D1E /* Release */ = {
			isa = XCBuildConfiguration;
			buildSettings = {
				ALWAYS_SEARCH_USER_PATHS = NO;
				CLANG_ANALYZER_NONNULL = YES;
				CLANG_ANALYZER_NUMBER_OBJECT_CONVERSION = YES_AGGRESSIVE;
				CLANG_CXX_LANGUAGE_STANDARD = "gnu++14";
				CLANG_CXX_LIBRARY = "libc++";
				CLANG_ENABLE_MODULES = YES;
				CLANG_ENABLE_OBJC_ARC = YES;
				CLANG_ENABLE_OBJC_WEAK = YES;
				CLANG_WARN_BLOCK_CAPTURE_AUTORELEASING = YES;
				CLANG_WARN_BOOL_CONVERSION = YES;
				CLANG_WARN_COMMA = YES;
				CLANG_WARN_CONSTANT_CONVERSION = YES;
				CLANG_WARN_DEPRECATED_OBJC_IMPLEMENTATIONS = YES;
				CLANG_WARN_DIRECT_OBJC_ISA_USAGE = YES_ERROR;
				CLANG_WARN_DOCUMENTATION_COMMENTS = YES;
				CLANG_WARN_EMPTY_BODY = YES;
				CLANG_WARN_ENUM_CONVERSION = YES;
				CLANG_WARN_INFINITE_RECURSION = YES;
				CLANG_WARN_INT_CONVERSION = YES;
				CLANG_WARN_NON_LITERAL_NULL_CONVERSION = YES;
				CLANG_WARN_OBJC_IMPLICIT_RETAIN_SELF = YES;
				CLANG_WARN_OBJC_LITERAL_CONVERSION = YES;
				CLANG_WARN_OBJC_ROOT_CLASS = YES_ERROR;
				CLANG_WARN_QUOTED_INCLUDE_IN_FRAMEWORK_HEADER = YES;
				CLANG_WARN_RANGE_LOOP_ANALYSIS = YES;
				CLANG_WARN_STRICT_PROTOTYPES = YES;
				CLANG_WARN_SUSPICIOUS_MOVE = YES;
				CLANG_WARN_UNGUARDED_AVAILABILITY = YES_AGGRESSIVE;
				CLANG_WARN_UNREACHABLE_CODE = YES;
				CLANG_WARN__DUPLICATE_METHOD_MATCH = YES;
				COPY_PHASE_STRIP = NO;
				DEBUG_INFORMATION_FORMAT = "dwarf-with-dsym";
				ENABLE_NS_ASSERTIONS = NO;
				ENABLE_STRICT_OBJC_MSGSEND = YES;
				GCC_C_LANGUAGE_STANDARD = gnu11;
				GCC_NO_COMMON_BLOCKS = YES;
				GCC_WARN_64_TO_32_BIT_CONVERSION = YES;
				GCC_WARN_ABOUT_RETURN_TYPE = YES_ERROR;
				GCC_WARN_UNDECLARED_SELECTOR = YES;
				GCC_WARN_UNINITIALIZED_AUTOS = YES_AGGRESSIVE;
				GCC_WARN_UNUSED_FUNCTION = YES;
				GCC_WARN_UNUSED_VARIABLE = YES;
				IPHONEOS_DEPLOYMENT_TARGET = 14.4;
				MTL_ENABLE_DEBUG_INFO = NO;
				MTL_FAST_MATH = YES;
				SDKROOT = iphoneos;
				SWIFT_COMPILATION_MODE = wholemodule;
				SWIFT_OPTIMIZATION_LEVEL = "-O";
				VALIDATE_PRODUCT = YES;
			};
			name = Release;
		};
		493DA79B25ED4E8E00F57D1E /* Debug */ = {
			isa = XCBuildConfiguration;
			buildSettings = {
				ASSETCATALOG_COMPILER_APPICON_NAME = AppIcon;
				ASSETCATALOG_COMPILER_GLOBAL_ACCENT_COLOR_NAME = AccentColor;
				CODE_SIGN_STYLE = Automatic;
				DEVELOPMENT_TEAM = JG84N9MQMY;
				INFOPLIST_FILE = CalendarTake2/Info.plist;
				LD_RUNPATH_SEARCH_PATHS = (
					"$(inherited)",
					"@executable_path/Frameworks",
				);
				PRODUCT_BUNDLE_IDENTIFIER = com.eligooch.CalendarTake2;
				PRODUCT_NAME = "$(TARGET_NAME)";
				SWIFT_VERSION = 5.0;
				TARGETED_DEVICE_FAMILY = "1,2";
			};
			name = Debug;
		};
		493DA79C25ED4E8E00F57D1E /* Release */ = {
			isa = XCBuildConfiguration;
			buildSettings = {
				ASSETCATALOG_COMPILER_APPICON_NAME = AppIcon;
				ASSETCATALOG_COMPILER_GLOBAL_ACCENT_COLOR_NAME = AccentColor;
				CODE_SIGN_STYLE = Automatic;
				DEVELOPMENT_TEAM = JG84N9MQMY;
				INFOPLIST_FILE = CalendarTake2/Info.plist;
				LD_RUNPATH_SEARCH_PATHS = (
					"$(inherited)",
					"@executable_path/Frameworks",
				);
				PRODUCT_BUNDLE_IDENTIFIER = com.eligooch.CalendarTake2;
				PRODUCT_NAME = "$(TARGET_NAME)";
				SWIFT_VERSION = 5.0;
				TARGETED_DEVICE_FAMILY = "1,2";
			};
			name = Release;
		};
/* End XCBuildConfiguration section */

/* Begin XCConfigurationList section */
		493DA78125ED4E8500F57D1E /* Build configuration list for PBXProject "CalendarTake2" */ = {
			isa = XCConfigurationList;
			buildConfigurations = (
				493DA79825ED4E8E00F57D1E /* Debug */,
				493DA79925ED4E8E00F57D1E /* Release */,
			);
			defaultConfigurationIsVisible = 0;
			defaultConfigurationName = Release;
		};
		493DA79A25ED4E8E00F57D1E /* Build configuration list for PBXNativeTarget "CalendarTake2" */ = {
			isa = XCConfigurationList;
			buildConfigurations = (
				493DA79B25ED4E8E00F57D1E /* Debug */,
				493DA79C25ED4E8E00F57D1E /* Release */,
			);
			defaultConfigurationIsVisible = 0;
			defaultConfigurationName = Release;
		};
/* End XCConfigurationList section */

/* Begin XCVersionGroup section */
		493DA7C625F12F7700F57D1E /* CalendarTake2.xcdatamodeld */ = {
			isa = XCVersionGroup;
			children = (
				493DA7C725F12F7900F57D1E /* CalendarTake2.xcdatamodel */,
			);
			currentVersion = 493DA7C725F12F7900F57D1E /* CalendarTake2.xcdatamodel */;
			path = CalendarTake2.xcdatamodeld;
			sourceTree = "<group>";
			versionGroupType = wrapper.xcdatamodel;
		};
/* End XCVersionGroup section */
	};
	rootObject = 493DA77E25ED4E8500F57D1E /* Project object */;
}
